
Microsoft Visual Studio Solution File, Format Version 12.00
# Visual Studio Version 17
VisualStudioVersion = 17.1.32319.34
MinimumVisualStudioVersion = 10.0.40219.1
Project("{9A19103F-16F7-4668-BE54-9A1E7A4F7556}") = "ConsoleApp1", "ConsoleApp1\ConsoleApp1.csproj", "{3A6CD512-6DEC-4925-8EED-20AF9C3C8528}"
EndProject
Project("{9A19103F-16F7-4668-BE54-9A1E7A4F7556}") = "Chapter2_1", "Chapter2_1\Chapter2_1.csproj", "{85B1FFEF-C92A-4A59-A2EA-216B2DD6C2A4}"
EndProject
Project("{9A19103F-16F7-4668-BE54-9A1E7A4F7556}") = "ex01", "ex01\ex01.csproj", "{2FF893DB-C96A-418B-A31B-4C7389C412F7}"
EndProject
Project("{9A19103F-16F7-4668-BE54-9A1E7A4F7556}") = "ScreenTest", "ScreenTest\ScreenTest.csproj", "{84F89026-75C6-4ECE-B068-6FF8C09CD73B}"
EndProject
Project("{9A19103F-16F7-4668-BE54-9A1E7A4F7556}") = "ex02", "ex02\ex02.csproj", "{7D9C6677-29E1-40D4-B2FF-BA1C977F9B99}"
EndProject
Project("{9A19103F-16F7-4668-BE54-9A1E7A4F7556}") = "Ex03", "Ex03\Ex03.csproj", "{42C0B6F5-5EC3-459C-92D8-54AB133FBBB6}"
EndProject
Project("{9A19103F-16F7-4668-BE54-9A1E7A4F7556}") = "ex04", "ex04\ex04.csproj", "{BC372EBC-DB32-4A7D-9B78-7E21640A8A8C}"
EndProject
Project("{9A19103F-16F7-4668-BE54-9A1E7A4F7556}") = "ex4_ex", "ex4_ex\ex4_ex.csproj", "{EF6F3140-F7CF-4125-B304-44FE3F2FE159}"
EndProject
Project("{9A19103F-16F7-4668-BE54-9A1E7A4F7556}") = "Chapter3_if", "Chapter3_if\Chapter3_if.csproj", "{78E75F13-8BF8-4616-AEFE-D6AEFC7AB174}"
EndProject
Project("{9A19103F-16F7-4668-BE54-9A1E7A4F7556}") = "ex05", "ex05\ex05.csproj", "{C4F9C01B-350F-44B5-B1DA-98D9FEDAB82D}"
EndProject
Project("{9A19103F-16F7-4668-BE54-9A1E7A4F7556}") = "ex06", "ex06\ex06.csproj", "{FCD4F4DC-BE88-48C4-BBBD-926CA795D930}"
EndProject
Project("{9A19103F-16F7-4668-BE54-9A1E7A4F7556}") = "Ex07", "ex07\Ex07.csproj", "{8755A38C-AC74-4ADD-AAD4-A12D48853FBE}"
EndProject
Project("{9A19103F-16F7-4668-BE54-9A1E7A4F7556}") = "Ex08", "Ex08\Ex08.csproj", "{3FE17B0D-BDD2-4FD2-A827-AFB92A22D6D9}"
EndProject
Project("{9A19103F-16F7-4668-BE54-9A1E7A4F7556}") = "Ex09", "Ex09\Ex09.csproj", "{8339E1D4-0C01-4AB4-80D9-EEF26B808FF5}"
EndProject
Project("{9A19103F-16F7-4668-BE54-9A1E7A4F7556}") = "Ex09_ex01", "Ex09_ex01\Ex09_ex01.csproj", "{0E215668-726C-4724-AE62-B62CADC1FAE4}"
EndProject
Project("{9A19103F-16F7-4668-BE54-9A1E7A4F7556}") = "Ex09_ex01_Test", "Ex09_ex01_Test\Ex09_ex01_Test.csproj", "{6EF7DC80-B6C3-4F1C-991F-8DC86A61226B}"
EndProject
Project("{9A19103F-16F7-4668-BE54-9A1E7A4F7556}") = "SwirtchCase", "SwirtchCase\SwirtchCase.csproj", "{98461219-10DF-433B-B1B2-97B59E9AEFAD}"
EndProject
Project("{9A19103F-16F7-4668-BE54-9A1E7A4F7556}") = "Ex07_ex1", "Ex07_ex1\Ex07_ex1.csproj", "{626795BB-C5C5-472D-8CCE-69495D3B75D6}"
EndProject
Project("{9A19103F-16F7-4668-BE54-9A1E7A4F7556}") = "LoopSampleDoWhile", "LoopSample\LoopSampleDoWhile.csproj", "{F8E710B9-22F2-4AB5-B610-5A9FBCD2A3EF}"
EndProject
Project("{9A19103F-16F7-4668-BE54-9A1E7A4F7556}") = "LoopSampleWhile", "LoopSampleWhile\LoopSampleWhile.csproj", "{71154C34-02B1-453D-B6F3-5F6282BDA812}"
EndProject
Project("{9A19103F-16F7-4668-BE54-9A1E7A4F7556}") = "LoopSasmpleFor", "LoopSasmpleFor\LoopSasmpleFor.csproj", "{F3B9CC4D-D19C-4833-AF7C-E63CD4125048}"
EndProject
Project("{9A19103F-16F7-4668-BE54-9A1E7A4F7556}") = "ex11", "ex11\ex11.csproj", "{FF54AD4B-4D84-43B1-9DBE-66C1FE6EA0DD}"
EndProject
Project("{9A19103F-16F7-4668-BE54-9A1E7A4F7556}") = "ex10", "ex10\ex10.csproj", "{05C329E5-0B64-42C3-8CED-004378CDE53C}"
EndProject
Project("{9A19103F-16F7-4668-BE54-9A1E7A4F7556}") = "ex10_kanno", "ex10_kanno\ex10_kanno.csproj", "{6BEF40DB-AF11-4B27-AD1F-0D6516B43841}"
EndProject
Project("{9A19103F-16F7-4668-BE54-9A1E7A4F7556}") = "Ex12", "Ex12\Ex12.csproj", "{719407E6-DB7A-4FD1-A46E-26CD2909718D}"
EndProject
Project("{9A19103F-16F7-4668-BE54-9A1E7A4F7556}") = "ex11_ex", "ex11_ex\ex11_ex.csproj", "{F878CFDA-4798-42B1-8CE9-72331F64AF6F}"
EndProject
Project("{9A19103F-16F7-4668-BE54-9A1E7A4F7556}") = "SetWindowSize", "SetWindowSize\SetWindowSize.csproj", "{FA40021B-26C8-4F23-AAFE-EFBAA0A3D37D}"
EndProject
Project("{9A19103F-16F7-4668-BE54-9A1E7A4F7556}") = "ex13", "ex13\ex13.csproj", "{722AA368-6323-43F5-A177-3D4F38100C57}"
EndProject
Project("{9A19103F-16F7-4668-BE54-9A1E7A4F7556}") = "ex13_ex2", "ex13_ex2\ex13_ex2.csproj", "{17C8C615-70E9-4608-8D7F-EAF892A10E27}"
EndProject
Project("{9A19103F-16F7-4668-BE54-9A1E7A4F7556}") = "ex14_hint", "ex14_hint\ex14_hint.csproj", "{333FF6BA-79D2-4CAD-B6E9-E6D9B4258D59}"
EndProject
Project("{9A19103F-16F7-4668-BE54-9A1E7A4F7556}") = "DimentionSample", "DimentionSample\DimentionSample.csproj", "{6512B798-CFF4-473A-B3F8-3A4F5440839F}"
EndProject
Project("{9A19103F-16F7-4668-BE54-9A1E7A4F7556}") = "ex14_ex1", "ex14_ex1\ex14_ex1.csproj", "{855AC95D-6ADE-4894-97E9-975C7A3A61E8}"
EndProject
Project("{9A19103F-16F7-4668-BE54-9A1E7A4F7556}") = "ex14", "ex14\ex14.csproj", "{71DBB92F-4D60-49DC-9D68-1D657FB9B503}"
EndProject
Project("{9A19103F-16F7-4668-BE54-9A1E7A4F7556}") = "ex15", "ex15\ex15.csproj", "{D2FF0A05-FF6E-46B7-BEED-4F688579BA82}"
EndProject
Project("{9A19103F-16F7-4668-BE54-9A1E7A4F7556}") = "ex16", "ex16\ex16.csproj", "{88A170DA-2E1F-4FFA-9683-F6E8BCDEF571}"
EndProject
Project("{9A19103F-16F7-4668-BE54-9A1E7A4F7556}") = "ex16_sw", "ex16_sw\ex16_sw.csproj", "{B78493EC-9AF0-4ACA-BC5B-EA0E3E67B6F5}"
EndProject
Project("{9A19103F-16F7-4668-BE54-9A1E7A4F7556}") = "ex16_ex2", "ex16_ex2\ex16_ex2.csproj", "{A91CBFFF-D157-454A-9347-6A07A6594A07}"
EndProject
Project("{9A19103F-16F7-4668-BE54-9A1E7A4F7556}") = "ex17", "ex17\ex17.csproj", "{700C3B43-71C8-4E2E-96C0-8D675E1E5029}"
EndProject
Project("{9A19103F-16F7-4668-BE54-9A1E7A4F7556}") = "ex17_ex2", "ex17_ex2\ex17_ex2.csproj", "{1A05D224-2369-469B-A7FE-4AF5988C2D1B}"
EndProject
Project("{9A19103F-16F7-4668-BE54-9A1E7A4F7556}") = "ex17_ex3", "ex17_ex3\ex17_ex3.csproj", "{6E6C1CE2-9888-4D24-8511-905B25371EE1}"
EndProject
Project("{9A19103F-16F7-4668-BE54-9A1E7A4F7556}") = "ex17_ex4", "ex17_ex4\ex17_ex4.csproj", "{89A09B03-5C99-4AD1-A0C9-AD13FEEB6965}"
EndProject
Project("{9A19103F-16F7-4668-BE54-9A1E7A4F7556}") = "ex17_ex5", "ex17_ex5\ex17_ex5.csproj", "{38DD745D-4F7C-405D-97D4-0BB2E30DD82C}"
EndProject
Project("{9A19103F-16F7-4668-BE54-9A1E7A4F7556}") = "ex17_ex6", "ex17_ex6\ex17_ex6.csproj", "{850D3A03-8D87-4AE8-B56C-8A65BFA00B11}"
EndProject
Project("{9A19103F-16F7-4668-BE54-9A1E7A4F7556}") = "StopWatchSample", "StopWatchSample\StopWatchSample.csproj", "{21F356D6-1EA2-4A84-AB19-2D2814883F7F}"
EndProject
Project("{9A19103F-16F7-4668-BE54-9A1E7A4F7556}") = "FunctionSample", "FunctionSample\FunctionSample.csproj", "{B2E84CF0-DDCA-4DF0-B745-6DCECF33E9A8}"
EndProject
Project("{9A19103F-16F7-4668-BE54-9A1E7A4F7556}") = "ex18", "ex18\ex18.csproj", "{C6A062A2-F881-4AB3-A988-539D28B23BA5}"
EndProject
Project("{9A19103F-16F7-4668-BE54-9A1E7A4F7556}") = "ex19", "ex19\ex19.csproj", "{FC357965-0647-48F8-A021-A77116A05F13}"
EndProject
Project("{9A19103F-16F7-4668-BE54-9A1E7A4F7556}") = "Challenge04", "Challenge04\Challenge04.csproj", "{113FE4F5-1DD9-4D48-9B24-F36E905E49B8}"
EndProject
Project("{9A19103F-16F7-4668-BE54-9A1E7A4F7556}") = "Challenge01_recursive", "Challenge01_recursive\Challenge01_recursive.csproj", "{192DC0C8-0A33-48A1-84B3-F7BB775A4444}"
EndProject
Project("{9A19103F-16F7-4668-BE54-9A1E7A4F7556}") = "ImputUtility", "ImputUtility\ImputUtility.csproj", "{993B3788-6168-4DAA-8A8B-F2FCB2DA650F}"
EndProject
Project("{9A19103F-16F7-4668-BE54-9A1E7A4F7556}") = "ex20", "ex20\ex20.csproj", "{DC286CBE-8710-4EBE-A745-A2CDE9DD0899}"
EndProject
Project("{9A19103F-16F7-4668-BE54-9A1E7A4F7556}") = "CastSample", "CastSample\CastSample.csproj", "{77633518-8E15-4F7A-8C7F-9ED074C01AFD}"
EndProject
Project("{9A19103F-16F7-4668-BE54-9A1E7A4F7556}") = "Ex21", "Ex21\Ex21.csproj", "{363E7A23-3B37-46EC-950C-57F01EF8A4F0}"
EndProject
Project("{9A19103F-16F7-4668-BE54-9A1E7A4F7556}") = "Ex22_hint", "Ex22_hint\Ex22_hint.csproj", "{1D39117D-9892-4D4E-B29A-AE615E6F64C9}"
EndProject
Project("{9A19103F-16F7-4668-BE54-9A1E7A4F7556}") = "LocalFunction", "LocalFunction\LocalFunction.csproj", "{610573D6-37AC-4360-8FCA-1EF7BB07AB09}"
EndProject
Project("{9A19103F-16F7-4668-BE54-9A1E7A4F7556}") = "Ex22", "Ex22\Ex22.csproj", "{9127A0A3-4AF5-4AC1-B959-46C372D3FF9B}"
EndProject
Project("{9A19103F-16F7-4668-BE54-9A1E7A4F7556}") = "Ex23_hint", "Ex23_hint\Ex23_hint.csproj", "{EB23A567-3156-4879-8C7D-5A8C67157006}"
EndProject
Project("{9A19103F-16F7-4668-BE54-9A1E7A4F7556}") = "Ex23", "Ex23\Ex23.csproj", "{985257FD-CCED-47CB-83FC-AD14133A85A3}"
EndProject
Project("{9A19103F-16F7-4668-BE54-9A1E7A4F7556}") = "Ex23_Func", "Ex23_Func\Ex23_Func.csproj", "{E42C5E6B-8C7C-4A45-9584-ECA19ABBFA5A}"
EndProject
Project("{9A19103F-16F7-4668-BE54-9A1E7A4F7556}") = "Ex23_ex2", "Ex23_ex2\Ex23_ex2.csproj", "{44D6E3AF-24C9-429B-A285-0327C3B35416}"
EndProject
Project("{9A19103F-16F7-4668-BE54-9A1E7A4F7556}") = "Exception", "Exception\Exception.csproj", "{E06C75C3-E8D7-40F7-BA05-FA722A24A474}"
EndProject
Project("{9A19103F-16F7-4668-BE54-9A1E7A4F7556}") = "TryCatch", "TryCatch\TryCatch.csproj", "{7E83B7B5-7EBC-4E8B-AC1A-3FE0F4CECD78}"
EndProject
Project("{9A19103F-16F7-4668-BE54-9A1E7A4F7556}") = "Ex24", "Ex24\Ex24.csproj", "{561DEC4B-AF83-43B3-B11F-78C9CEE73D51}"
EndProject
Project("{9A19103F-16F7-4668-BE54-9A1E7A4F7556}") = "Ex24_saito", "Ex24_saito\Ex24_saito.csproj", "{7DF4BBDF-D5E5-4343-A88E-49E9489F64DA}"
EndProject
Project("{9A19103F-16F7-4668-BE54-9A1E7A4F7556}") = "Ex24_Shibata", "Ex24_Shibata\Ex24_Shibata.csproj", "{2E35F23D-2E33-43B5-AA04-D8A9A44497FE}"
EndProject
Project("{9A19103F-16F7-4668-BE54-9A1E7A4F7556}") = "ColoredText", "ColoredText\ColoredText.csproj", "{2CB0BE45-FE0F-4CD4-A18B-F885859C1489}"
EndProject
Project("{9A19103F-16F7-4668-BE54-9A1E7A4F7556}") = "RefOut", "RefOut\RefOut.csproj", "{08A763AA-A2B0-4C5B-B63A-3532339E2C7C}"
EndProject
Project("{9A19103F-16F7-4668-BE54-9A1E7A4F7556}") = "Ex25_hint", "Ex25_hint\Ex25_hint.csproj", "{8D7869CA-2829-450C-B2F6-B3A6A56F1919}"
EndProject
Project("{9A19103F-16F7-4668-BE54-9A1E7A4F7556}") = "Ex25", "Ex25\Ex25.csproj", "{7A8C8D30-2E8D-48E4-B5B3-93CC5C423310}"
EndProject
Project("{9A19103F-16F7-4668-BE54-9A1E7A4F7556}") = "ClassSample", "ClassSample\ClassSample.csproj", "{C87CE122-0C91-4667-9245-80F7D724E1CB}"
EndProject
Project("{9A19103F-16F7-4668-BE54-9A1E7A4F7556}") = "ClassSampleTriangle", "ClassSampleTriangle\ClassSampleTriangle.csproj", "{4F032876-592E-46A2-A20C-909EDDED7EFD}"
	ProjectSection(ProjectDependencies) = postProject
		{993B3788-6168-4DAA-8A8B-F2FCB2DA650F} = {993B3788-6168-4DAA-8A8B-F2FCB2DA650F}
	EndProjectSection
EndProject
Project("{FAE04EC0-301F-11D3-BF4B-00C04F79EFBC}") = "Ex26", "Ex26\Ex26.csproj", "{9E73D69C-8148-474A-AB8C-04497A389381}"
EndProject
Global
	GlobalSection(SolutionConfigurationPlatforms) = preSolution
		Debug|Any CPU = Debug|Any CPU
		Release|Any CPU = Release|Any CPU
	EndGlobalSection
	GlobalSection(ProjectConfigurationPlatforms) = postSolution
		{3A6CD512-6DEC-4925-8EED-20AF9C3C8528}.Debug|Any CPU.ActiveCfg = Debug|Any CPU
		{3A6CD512-6DEC-4925-8EED-20AF9C3C8528}.Debug|Any CPU.Build.0 = Debug|Any CPU
		{3A6CD512-6DEC-4925-8EED-20AF9C3C8528}.Release|Any CPU.ActiveCfg = Release|Any CPU
		{3A6CD512-6DEC-4925-8EED-20AF9C3C8528}.Release|Any CPU.Build.0 = Release|Any CPU
		{85B1FFEF-C92A-4A59-A2EA-216B2DD6C2A4}.Debug|Any CPU.ActiveCfg = Debug|Any CPU
		{85B1FFEF-C92A-4A59-A2EA-216B2DD6C2A4}.Debug|Any CPU.Build.0 = Debug|Any CPU
		{85B1FFEF-C92A-4A59-A2EA-216B2DD6C2A4}.Release|Any CPU.ActiveCfg = Release|Any CPU
		{85B1FFEF-C92A-4A59-A2EA-216B2DD6C2A4}.Release|Any CPU.Build.0 = Release|Any CPU
		{2FF893DB-C96A-418B-A31B-4C7389C412F7}.Debug|Any CPU.ActiveCfg = Debug|Any CPU
		{2FF893DB-C96A-418B-A31B-4C7389C412F7}.Debug|Any CPU.Build.0 = Debug|Any CPU
		{2FF893DB-C96A-418B-A31B-4C7389C412F7}.Release|Any CPU.ActiveCfg = Release|Any CPU
		{2FF893DB-C96A-418B-A31B-4C7389C412F7}.Release|Any CPU.Build.0 = Release|Any CPU
		{84F89026-75C6-4ECE-B068-6FF8C09CD73B}.Debug|Any CPU.ActiveCfg = Debug|Any CPU
		{84F89026-75C6-4ECE-B068-6FF8C09CD73B}.Debug|Any CPU.Build.0 = Debug|Any CPU
		{84F89026-75C6-4ECE-B068-6FF8C09CD73B}.Release|Any CPU.ActiveCfg = Release|Any CPU
		{84F89026-75C6-4ECE-B068-6FF8C09CD73B}.Release|Any CPU.Build.0 = Release|Any CPU
		{7D9C6677-29E1-40D4-B2FF-BA1C977F9B99}.Debug|Any CPU.ActiveCfg = Debug|Any CPU
		{7D9C6677-29E1-40D4-B2FF-BA1C977F9B99}.Debug|Any CPU.Build.0 = Debug|Any CPU
		{7D9C6677-29E1-40D4-B2FF-BA1C977F9B99}.Release|Any CPU.ActiveCfg = Release|Any CPU
		{7D9C6677-29E1-40D4-B2FF-BA1C977F9B99}.Release|Any CPU.Build.0 = Release|Any CPU
		{42C0B6F5-5EC3-459C-92D8-54AB133FBBB6}.Debug|Any CPU.ActiveCfg = Debug|Any CPU
		{42C0B6F5-5EC3-459C-92D8-54AB133FBBB6}.Debug|Any CPU.Build.0 = Debug|Any CPU
		{42C0B6F5-5EC3-459C-92D8-54AB133FBBB6}.Release|Any CPU.ActiveCfg = Release|Any CPU
		{42C0B6F5-5EC3-459C-92D8-54AB133FBBB6}.Release|Any CPU.Build.0 = Release|Any CPU
		{BC372EBC-DB32-4A7D-9B78-7E21640A8A8C}.Debug|Any CPU.ActiveCfg = Debug|Any CPU
		{BC372EBC-DB32-4A7D-9B78-7E21640A8A8C}.Debug|Any CPU.Build.0 = Debug|Any CPU
		{BC372EBC-DB32-4A7D-9B78-7E21640A8A8C}.Release|Any CPU.ActiveCfg = Release|Any CPU
		{BC372EBC-DB32-4A7D-9B78-7E21640A8A8C}.Release|Any CPU.Build.0 = Release|Any CPU
		{EF6F3140-F7CF-4125-B304-44FE3F2FE159}.Debug|Any CPU.ActiveCfg = Debug|Any CPU
		{EF6F3140-F7CF-4125-B304-44FE3F2FE159}.Debug|Any CPU.Build.0 = Debug|Any CPU
		{EF6F3140-F7CF-4125-B304-44FE3F2FE159}.Release|Any CPU.ActiveCfg = Release|Any CPU
		{EF6F3140-F7CF-4125-B304-44FE3F2FE159}.Release|Any CPU.Build.0 = Release|Any CPU
		{78E75F13-8BF8-4616-AEFE-D6AEFC7AB174}.Debug|Any CPU.ActiveCfg = Debug|Any CPU
		{78E75F13-8BF8-4616-AEFE-D6AEFC7AB174}.Debug|Any CPU.Build.0 = Debug|Any CPU
		{78E75F13-8BF8-4616-AEFE-D6AEFC7AB174}.Release|Any CPU.ActiveCfg = Release|Any CPU
		{78E75F13-8BF8-4616-AEFE-D6AEFC7AB174}.Release|Any CPU.Build.0 = Release|Any CPU
		{C4F9C01B-350F-44B5-B1DA-98D9FEDAB82D}.Debug|Any CPU.ActiveCfg = Debug|Any CPU
		{C4F9C01B-350F-44B5-B1DA-98D9FEDAB82D}.Debug|Any CPU.Build.0 = Debug|Any CPU
		{C4F9C01B-350F-44B5-B1DA-98D9FEDAB82D}.Release|Any CPU.ActiveCfg = Release|Any CPU
		{C4F9C01B-350F-44B5-B1DA-98D9FEDAB82D}.Release|Any CPU.Build.0 = Release|Any CPU
		{FCD4F4DC-BE88-48C4-BBBD-926CA795D930}.Debug|Any CPU.ActiveCfg = Debug|Any CPU
		{FCD4F4DC-BE88-48C4-BBBD-926CA795D930}.Debug|Any CPU.Build.0 = Debug|Any CPU
		{FCD4F4DC-BE88-48C4-BBBD-926CA795D930}.Release|Any CPU.ActiveCfg = Release|Any CPU
		{FCD4F4DC-BE88-48C4-BBBD-926CA795D930}.Release|Any CPU.Build.0 = Release|Any CPU
		{8755A38C-AC74-4ADD-AAD4-A12D48853FBE}.Debug|Any CPU.ActiveCfg = Debug|Any CPU
		{8755A38C-AC74-4ADD-AAD4-A12D48853FBE}.Debug|Any CPU.Build.0 = Debug|Any CPU
		{8755A38C-AC74-4ADD-AAD4-A12D48853FBE}.Release|Any CPU.ActiveCfg = Release|Any CPU
		{8755A38C-AC74-4ADD-AAD4-A12D48853FBE}.Release|Any CPU.Build.0 = Release|Any CPU
		{3FE17B0D-BDD2-4FD2-A827-AFB92A22D6D9}.Debug|Any CPU.ActiveCfg = Debug|Any CPU
		{3FE17B0D-BDD2-4FD2-A827-AFB92A22D6D9}.Debug|Any CPU.Build.0 = Debug|Any CPU
		{3FE17B0D-BDD2-4FD2-A827-AFB92A22D6D9}.Release|Any CPU.ActiveCfg = Release|Any CPU
		{3FE17B0D-BDD2-4FD2-A827-AFB92A22D6D9}.Release|Any CPU.Build.0 = Release|Any CPU
		{8339E1D4-0C01-4AB4-80D9-EEF26B808FF5}.Debug|Any CPU.ActiveCfg = Debug|Any CPU
		{8339E1D4-0C01-4AB4-80D9-EEF26B808FF5}.Debug|Any CPU.Build.0 = Debug|Any CPU
		{8339E1D4-0C01-4AB4-80D9-EEF26B808FF5}.Release|Any CPU.ActiveCfg = Release|Any CPU
		{8339E1D4-0C01-4AB4-80D9-EEF26B808FF5}.Release|Any CPU.Build.0 = Release|Any CPU
		{0E215668-726C-4724-AE62-B62CADC1FAE4}.Debug|Any CPU.ActiveCfg = Debug|Any CPU
		{0E215668-726C-4724-AE62-B62CADC1FAE4}.Debug|Any CPU.Build.0 = Debug|Any CPU
		{0E215668-726C-4724-AE62-B62CADC1FAE4}.Release|Any CPU.ActiveCfg = Release|Any CPU
		{0E215668-726C-4724-AE62-B62CADC1FAE4}.Release|Any CPU.Build.0 = Release|Any CPU
		{6EF7DC80-B6C3-4F1C-991F-8DC86A61226B}.Debug|Any CPU.ActiveCfg = Debug|Any CPU
		{6EF7DC80-B6C3-4F1C-991F-8DC86A61226B}.Debug|Any CPU.Build.0 = Debug|Any CPU
		{6EF7DC80-B6C3-4F1C-991F-8DC86A61226B}.Release|Any CPU.ActiveCfg = Release|Any CPU
		{6EF7DC80-B6C3-4F1C-991F-8DC86A61226B}.Release|Any CPU.Build.0 = Release|Any CPU
		{98461219-10DF-433B-B1B2-97B59E9AEFAD}.Debug|Any CPU.ActiveCfg = Debug|Any CPU
		{98461219-10DF-433B-B1B2-97B59E9AEFAD}.Debug|Any CPU.Build.0 = Debug|Any CPU
		{98461219-10DF-433B-B1B2-97B59E9AEFAD}.Release|Any CPU.ActiveCfg = Release|Any CPU
		{98461219-10DF-433B-B1B2-97B59E9AEFAD}.Release|Any CPU.Build.0 = Release|Any CPU
		{626795BB-C5C5-472D-8CCE-69495D3B75D6}.Debug|Any CPU.ActiveCfg = Debug|Any CPU
		{626795BB-C5C5-472D-8CCE-69495D3B75D6}.Debug|Any CPU.Build.0 = Debug|Any CPU
		{626795BB-C5C5-472D-8CCE-69495D3B75D6}.Release|Any CPU.ActiveCfg = Release|Any CPU
		{626795BB-C5C5-472D-8CCE-69495D3B75D6}.Release|Any CPU.Build.0 = Release|Any CPU
		{F8E710B9-22F2-4AB5-B610-5A9FBCD2A3EF}.Debug|Any CPU.ActiveCfg = Debug|Any CPU
		{F8E710B9-22F2-4AB5-B610-5A9FBCD2A3EF}.Debug|Any CPU.Build.0 = Debug|Any CPU
		{F8E710B9-22F2-4AB5-B610-5A9FBCD2A3EF}.Release|Any CPU.ActiveCfg = Release|Any CPU
		{F8E710B9-22F2-4AB5-B610-5A9FBCD2A3EF}.Release|Any CPU.Build.0 = Release|Any CPU
		{71154C34-02B1-453D-B6F3-5F6282BDA812}.Debug|Any CPU.ActiveCfg = Debug|Any CPU
		{71154C34-02B1-453D-B6F3-5F6282BDA812}.Debug|Any CPU.Build.0 = Debug|Any CPU
		{71154C34-02B1-453D-B6F3-5F6282BDA812}.Release|Any CPU.ActiveCfg = Release|Any CPU
		{71154C34-02B1-453D-B6F3-5F6282BDA812}.Release|Any CPU.Build.0 = Release|Any CPU
		{F3B9CC4D-D19C-4833-AF7C-E63CD4125048}.Debug|Any CPU.ActiveCfg = Debug|Any CPU
		{F3B9CC4D-D19C-4833-AF7C-E63CD4125048}.Debug|Any CPU.Build.0 = Debug|Any CPU
		{F3B9CC4D-D19C-4833-AF7C-E63CD4125048}.Release|Any CPU.ActiveCfg = Release|Any CPU
		{F3B9CC4D-D19C-4833-AF7C-E63CD4125048}.Release|Any CPU.Build.0 = Release|Any CPU
		{FF54AD4B-4D84-43B1-9DBE-66C1FE6EA0DD}.Debug|Any CPU.ActiveCfg = Debug|Any CPU
		{FF54AD4B-4D84-43B1-9DBE-66C1FE6EA0DD}.Debug|Any CPU.Build.0 = Debug|Any CPU
		{FF54AD4B-4D84-43B1-9DBE-66C1FE6EA0DD}.Release|Any CPU.ActiveCfg = Release|Any CPU
		{FF54AD4B-4D84-43B1-9DBE-66C1FE6EA0DD}.Release|Any CPU.Build.0 = Release|Any CPU
		{05C329E5-0B64-42C3-8CED-004378CDE53C}.Debug|Any CPU.ActiveCfg = Debug|Any CPU
		{05C329E5-0B64-42C3-8CED-004378CDE53C}.Debug|Any CPU.Build.0 = Debug|Any CPU
		{05C329E5-0B64-42C3-8CED-004378CDE53C}.Release|Any CPU.ActiveCfg = Release|Any CPU
		{05C329E5-0B64-42C3-8CED-004378CDE53C}.Release|Any CPU.Build.0 = Release|Any CPU
		{6BEF40DB-AF11-4B27-AD1F-0D6516B43841}.Debug|Any CPU.ActiveCfg = Debug|Any CPU
		{6BEF40DB-AF11-4B27-AD1F-0D6516B43841}.Debug|Any CPU.Build.0 = Debug|Any CPU
		{6BEF40DB-AF11-4B27-AD1F-0D6516B43841}.Release|Any CPU.ActiveCfg = Release|Any CPU
		{6BEF40DB-AF11-4B27-AD1F-0D6516B43841}.Release|Any CPU.Build.0 = Release|Any CPU
		{719407E6-DB7A-4FD1-A46E-26CD2909718D}.Debug|Any CPU.ActiveCfg = Debug|Any CPU
		{719407E6-DB7A-4FD1-A46E-26CD2909718D}.Debug|Any CPU.Build.0 = Debug|Any CPU
		{719407E6-DB7A-4FD1-A46E-26CD2909718D}.Release|Any CPU.ActiveCfg = Release|Any CPU
		{719407E6-DB7A-4FD1-A46E-26CD2909718D}.Release|Any CPU.Build.0 = Release|Any CPU
		{F878CFDA-4798-42B1-8CE9-72331F64AF6F}.Debug|Any CPU.ActiveCfg = Debug|Any CPU
		{F878CFDA-4798-42B1-8CE9-72331F64AF6F}.Debug|Any CPU.Build.0 = Debug|Any CPU
		{F878CFDA-4798-42B1-8CE9-72331F64AF6F}.Release|Any CPU.ActiveCfg = Release|Any CPU
		{F878CFDA-4798-42B1-8CE9-72331F64AF6F}.Release|Any CPU.Build.0 = Release|Any CPU
		{FA40021B-26C8-4F23-AAFE-EFBAA0A3D37D}.Debug|Any CPU.ActiveCfg = Debug|Any CPU
		{FA40021B-26C8-4F23-AAFE-EFBAA0A3D37D}.Debug|Any CPU.Build.0 = Debug|Any CPU
		{FA40021B-26C8-4F23-AAFE-EFBAA0A3D37D}.Release|Any CPU.ActiveCfg = Release|Any CPU
		{FA40021B-26C8-4F23-AAFE-EFBAA0A3D37D}.Release|Any CPU.Build.0 = Release|Any CPU
		{722AA368-6323-43F5-A177-3D4F38100C57}.Debug|Any CPU.ActiveCfg = Debug|Any CPU
		{722AA368-6323-43F5-A177-3D4F38100C57}.Debug|Any CPU.Build.0 = Debug|Any CPU
		{722AA368-6323-43F5-A177-3D4F38100C57}.Release|Any CPU.ActiveCfg = Release|Any CPU
		{722AA368-6323-43F5-A177-3D4F38100C57}.Release|Any CPU.Build.0 = Release|Any CPU
		{17C8C615-70E9-4608-8D7F-EAF892A10E27}.Debug|Any CPU.ActiveCfg = Debug|Any CPU
		{17C8C615-70E9-4608-8D7F-EAF892A10E27}.Debug|Any CPU.Build.0 = Debug|Any CPU
		{17C8C615-70E9-4608-8D7F-EAF892A10E27}.Release|Any CPU.ActiveCfg = Release|Any CPU
		{17C8C615-70E9-4608-8D7F-EAF892A10E27}.Release|Any CPU.Build.0 = Release|Any CPU
		{333FF6BA-79D2-4CAD-B6E9-E6D9B4258D59}.Debug|Any CPU.ActiveCfg = Debug|Any CPU
		{333FF6BA-79D2-4CAD-B6E9-E6D9B4258D59}.Debug|Any CPU.Build.0 = Debug|Any CPU
		{333FF6BA-79D2-4CAD-B6E9-E6D9B4258D59}.Release|Any CPU.ActiveCfg = Release|Any CPU
		{333FF6BA-79D2-4CAD-B6E9-E6D9B4258D59}.Release|Any CPU.Build.0 = Release|Any CPU
		{6512B798-CFF4-473A-B3F8-3A4F5440839F}.Debug|Any CPU.ActiveCfg = Debug|Any CPU
		{6512B798-CFF4-473A-B3F8-3A4F5440839F}.Debug|Any CPU.Build.0 = Debug|Any CPU
		{6512B798-CFF4-473A-B3F8-3A4F5440839F}.Release|Any CPU.ActiveCfg = Release|Any CPU
		{6512B798-CFF4-473A-B3F8-3A4F5440839F}.Release|Any CPU.Build.0 = Release|Any CPU
		{855AC95D-6ADE-4894-97E9-975C7A3A61E8}.Debug|Any CPU.ActiveCfg = Debug|Any CPU
		{855AC95D-6ADE-4894-97E9-975C7A3A61E8}.Debug|Any CPU.Build.0 = Debug|Any CPU
		{855AC95D-6ADE-4894-97E9-975C7A3A61E8}.Release|Any CPU.ActiveCfg = Release|Any CPU
		{855AC95D-6ADE-4894-97E9-975C7A3A61E8}.Release|Any CPU.Build.0 = Release|Any CPU
		{71DBB92F-4D60-49DC-9D68-1D657FB9B503}.Debug|Any CPU.ActiveCfg = Debug|Any CPU
		{71DBB92F-4D60-49DC-9D68-1D657FB9B503}.Debug|Any CPU.Build.0 = Debug|Any CPU
		{71DBB92F-4D60-49DC-9D68-1D657FB9B503}.Release|Any CPU.ActiveCfg = Release|Any CPU
		{71DBB92F-4D60-49DC-9D68-1D657FB9B503}.Release|Any CPU.Build.0 = Release|Any CPU
		{D2FF0A05-FF6E-46B7-BEED-4F688579BA82}.Debug|Any CPU.ActiveCfg = Debug|Any CPU
		{D2FF0A05-FF6E-46B7-BEED-4F688579BA82}.Debug|Any CPU.Build.0 = Debug|Any CPU
		{D2FF0A05-FF6E-46B7-BEED-4F688579BA82}.Release|Any CPU.ActiveCfg = Release|Any CPU
		{D2FF0A05-FF6E-46B7-BEED-4F688579BA82}.Release|Any CPU.Build.0 = Release|Any CPU
		{88A170DA-2E1F-4FFA-9683-F6E8BCDEF571}.Debug|Any CPU.ActiveCfg = Debug|Any CPU
		{88A170DA-2E1F-4FFA-9683-F6E8BCDEF571}.Debug|Any CPU.Build.0 = Debug|Any CPU
		{88A170DA-2E1F-4FFA-9683-F6E8BCDEF571}.Release|Any CPU.ActiveCfg = Release|Any CPU
		{88A170DA-2E1F-4FFA-9683-F6E8BCDEF571}.Release|Any CPU.Build.0 = Release|Any CPU
		{B78493EC-9AF0-4ACA-BC5B-EA0E3E67B6F5}.Debug|Any CPU.ActiveCfg = Debug|Any CPU
		{B78493EC-9AF0-4ACA-BC5B-EA0E3E67B6F5}.Debug|Any CPU.Build.0 = Debug|Any CPU
		{B78493EC-9AF0-4ACA-BC5B-EA0E3E67B6F5}.Release|Any CPU.ActiveCfg = Release|Any CPU
		{B78493EC-9AF0-4ACA-BC5B-EA0E3E67B6F5}.Release|Any CPU.Build.0 = Release|Any CPU
		{A91CBFFF-D157-454A-9347-6A07A6594A07}.Debug|Any CPU.ActiveCfg = Debug|Any CPU
		{A91CBFFF-D157-454A-9347-6A07A6594A07}.Debug|Any CPU.Build.0 = Debug|Any CPU
		{A91CBFFF-D157-454A-9347-6A07A6594A07}.Release|Any CPU.ActiveCfg = Release|Any CPU
		{A91CBFFF-D157-454A-9347-6A07A6594A07}.Release|Any CPU.Build.0 = Release|Any CPU
		{700C3B43-71C8-4E2E-96C0-8D675E1E5029}.Debug|Any CPU.ActiveCfg = Debug|Any CPU
		{700C3B43-71C8-4E2E-96C0-8D675E1E5029}.Debug|Any CPU.Build.0 = Debug|Any CPU
		{700C3B43-71C8-4E2E-96C0-8D675E1E5029}.Release|Any CPU.ActiveCfg = Release|Any CPU
		{700C3B43-71C8-4E2E-96C0-8D675E1E5029}.Release|Any CPU.Build.0 = Release|Any CPU
		{1A05D224-2369-469B-A7FE-4AF5988C2D1B}.Debug|Any CPU.ActiveCfg = Debug|Any CPU
		{1A05D224-2369-469B-A7FE-4AF5988C2D1B}.Debug|Any CPU.Build.0 = Debug|Any CPU
		{1A05D224-2369-469B-A7FE-4AF5988C2D1B}.Release|Any CPU.ActiveCfg = Release|Any CPU
		{1A05D224-2369-469B-A7FE-4AF5988C2D1B}.Release|Any CPU.Build.0 = Release|Any CPU
		{6E6C1CE2-9888-4D24-8511-905B25371EE1}.Debug|Any CPU.ActiveCfg = Debug|Any CPU
		{6E6C1CE2-9888-4D24-8511-905B25371EE1}.Debug|Any CPU.Build.0 = Debug|Any CPU
		{6E6C1CE2-9888-4D24-8511-905B25371EE1}.Release|Any CPU.ActiveCfg = Release|Any CPU
		{6E6C1CE2-9888-4D24-8511-905B25371EE1}.Release|Any CPU.Build.0 = Release|Any CPU
		{89A09B03-5C99-4AD1-A0C9-AD13FEEB6965}.Debug|Any CPU.ActiveCfg = Debug|Any CPU
		{89A09B03-5C99-4AD1-A0C9-AD13FEEB6965}.Debug|Any CPU.Build.0 = Debug|Any CPU
		{89A09B03-5C99-4AD1-A0C9-AD13FEEB6965}.Release|Any CPU.ActiveCfg = Release|Any CPU
		{89A09B03-5C99-4AD1-A0C9-AD13FEEB6965}.Release|Any CPU.Build.0 = Release|Any CPU
		{38DD745D-4F7C-405D-97D4-0BB2E30DD82C}.Debug|Any CPU.ActiveCfg = Debug|Any CPU
		{38DD745D-4F7C-405D-97D4-0BB2E30DD82C}.Debug|Any CPU.Build.0 = Debug|Any CPU
		{38DD745D-4F7C-405D-97D4-0BB2E30DD82C}.Release|Any CPU.ActiveCfg = Release|Any CPU
		{38DD745D-4F7C-405D-97D4-0BB2E30DD82C}.Release|Any CPU.Build.0 = Release|Any CPU
		{850D3A03-8D87-4AE8-B56C-8A65BFA00B11}.Debug|Any CPU.ActiveCfg = Debug|Any CPU
		{850D3A03-8D87-4AE8-B56C-8A65BFA00B11}.Debug|Any CPU.Build.0 = Debug|Any CPU
		{850D3A03-8D87-4AE8-B56C-8A65BFA00B11}.Release|Any CPU.ActiveCfg = Release|Any CPU
		{850D3A03-8D87-4AE8-B56C-8A65BFA00B11}.Release|Any CPU.Build.0 = Release|Any CPU
		{21F356D6-1EA2-4A84-AB19-2D2814883F7F}.Debug|Any CPU.ActiveCfg = Debug|Any CPU
		{21F356D6-1EA2-4A84-AB19-2D2814883F7F}.Debug|Any CPU.Build.0 = Debug|Any CPU
		{21F356D6-1EA2-4A84-AB19-2D2814883F7F}.Release|Any CPU.ActiveCfg = Release|Any CPU
		{21F356D6-1EA2-4A84-AB19-2D2814883F7F}.Release|Any CPU.Build.0 = Release|Any CPU
		{B2E84CF0-DDCA-4DF0-B745-6DCECF33E9A8}.Debug|Any CPU.ActiveCfg = Debug|Any CPU
		{B2E84CF0-DDCA-4DF0-B745-6DCECF33E9A8}.Debug|Any CPU.Build.0 = Debug|Any CPU
		{B2E84CF0-DDCA-4DF0-B745-6DCECF33E9A8}.Release|Any CPU.ActiveCfg = Release|Any CPU
		{B2E84CF0-DDCA-4DF0-B745-6DCECF33E9A8}.Release|Any CPU.Build.0 = Release|Any CPU
		{C6A062A2-F881-4AB3-A988-539D28B23BA5}.Debug|Any CPU.ActiveCfg = Debug|Any CPU
		{C6A062A2-F881-4AB3-A988-539D28B23BA5}.Debug|Any CPU.Build.0 = Debug|Any CPU
		{C6A062A2-F881-4AB3-A988-539D28B23BA5}.Release|Any CPU.ActiveCfg = Release|Any CPU
		{C6A062A2-F881-4AB3-A988-539D28B23BA5}.Release|Any CPU.Build.0 = Release|Any CPU
		{FC357965-0647-48F8-A021-A77116A05F13}.Debug|Any CPU.ActiveCfg = Debug|Any CPU
		{FC357965-0647-48F8-A021-A77116A05F13}.Debug|Any CPU.Build.0 = Debug|Any CPU
		{FC357965-0647-48F8-A021-A77116A05F13}.Release|Any CPU.ActiveCfg = Release|Any CPU
		{FC357965-0647-48F8-A021-A77116A05F13}.Release|Any CPU.Build.0 = Release|Any CPU
		{113FE4F5-1DD9-4D48-9B24-F36E905E49B8}.Debug|Any CPU.ActiveCfg = Debug|Any CPU
		{113FE4F5-1DD9-4D48-9B24-F36E905E49B8}.Debug|Any CPU.Build.0 = Debug|Any CPU
		{113FE4F5-1DD9-4D48-9B24-F36E905E49B8}.Release|Any CPU.ActiveCfg = Release|Any CPU
		{113FE4F5-1DD9-4D48-9B24-F36E905E49B8}.Release|Any CPU.Build.0 = Release|Any CPU
		{192DC0C8-0A33-48A1-84B3-F7BB775A4444}.Debug|Any CPU.ActiveCfg = Debug|Any CPU
		{192DC0C8-0A33-48A1-84B3-F7BB775A4444}.Debug|Any CPU.Build.0 = Debug|Any CPU
		{192DC0C8-0A33-48A1-84B3-F7BB775A4444}.Release|Any CPU.ActiveCfg = Release|Any CPU
		{192DC0C8-0A33-48A1-84B3-F7BB775A4444}.Release|Any CPU.Build.0 = Release|Any CPU
		{993B3788-6168-4DAA-8A8B-F2FCB2DA650F}.Debug|Any CPU.ActiveCfg = Debug|Any CPU
		{993B3788-6168-4DAA-8A8B-F2FCB2DA650F}.Debug|Any CPU.Build.0 = Debug|Any CPU
		{993B3788-6168-4DAA-8A8B-F2FCB2DA650F}.Release|Any CPU.ActiveCfg = Release|Any CPU
		{993B3788-6168-4DAA-8A8B-F2FCB2DA650F}.Release|Any CPU.Build.0 = Release|Any CPU
		{DC286CBE-8710-4EBE-A745-A2CDE9DD0899}.Debug|Any CPU.ActiveCfg = Debug|Any CPU
		{DC286CBE-8710-4EBE-A745-A2CDE9DD0899}.Debug|Any CPU.Build.0 = Debug|Any CPU
		{DC286CBE-8710-4EBE-A745-A2CDE9DD0899}.Release|Any CPU.ActiveCfg = Release|Any CPU
		{DC286CBE-8710-4EBE-A745-A2CDE9DD0899}.Release|Any CPU.Build.0 = Release|Any CPU
		{77633518-8E15-4F7A-8C7F-9ED074C01AFD}.Debug|Any CPU.ActiveCfg = Debug|Any CPU
		{77633518-8E15-4F7A-8C7F-9ED074C01AFD}.Debug|Any CPU.Build.0 = Debug|Any CPU
		{77633518-8E15-4F7A-8C7F-9ED074C01AFD}.Release|Any CPU.ActiveCfg = Release|Any CPU
		{77633518-8E15-4F7A-8C7F-9ED074C01AFD}.Release|Any CPU.Build.0 = Release|Any CPU
		{363E7A23-3B37-46EC-950C-57F01EF8A4F0}.Debug|Any CPU.ActiveCfg = Debug|Any CPU
		{363E7A23-3B37-46EC-950C-57F01EF8A4F0}.Debug|Any CPU.Build.0 = Debug|Any CPU
		{363E7A23-3B37-46EC-950C-57F01EF8A4F0}.Release|Any CPU.ActiveCfg = Release|Any CPU
		{363E7A23-3B37-46EC-950C-57F01EF8A4F0}.Release|Any CPU.Build.0 = Release|Any CPU
		{1D39117D-9892-4D4E-B29A-AE615E6F64C9}.Debug|Any CPU.ActiveCfg = Debug|Any CPU
		{1D39117D-9892-4D4E-B29A-AE615E6F64C9}.Debug|Any CPU.Build.0 = Debug|Any CPU
		{1D39117D-9892-4D4E-B29A-AE615E6F64C9}.Release|Any CPU.ActiveCfg = Release|Any CPU
		{1D39117D-9892-4D4E-B29A-AE615E6F64C9}.Release|Any CPU.Build.0 = Release|Any CPU
		{610573D6-37AC-4360-8FCA-1EF7BB07AB09}.Debug|Any CPU.ActiveCfg = Debug|Any CPU
		{610573D6-37AC-4360-8FCA-1EF7BB07AB09}.Debug|Any CPU.Build.0 = Debug|Any CPU
		{610573D6-37AC-4360-8FCA-1EF7BB07AB09}.Release|Any CPU.ActiveCfg = Release|Any CPU
		{610573D6-37AC-4360-8FCA-1EF7BB07AB09}.Release|Any CPU.Build.0 = Release|Any CPU
		{9127A0A3-4AF5-4AC1-B959-46C372D3FF9B}.Debug|Any CPU.ActiveCfg = Debug|Any CPU
		{9127A0A3-4AF5-4AC1-B959-46C372D3FF9B}.Debug|Any CPU.Build.0 = Debug|Any CPU
		{9127A0A3-4AF5-4AC1-B959-46C372D3FF9B}.Release|Any CPU.ActiveCfg = Release|Any CPU
		{9127A0A3-4AF5-4AC1-B959-46C372D3FF9B}.Release|Any CPU.Build.0 = Release|Any CPU
		{EB23A567-3156-4879-8C7D-5A8C67157006}.Debug|Any CPU.ActiveCfg = Debug|Any CPU
		{EB23A567-3156-4879-8C7D-5A8C67157006}.Debug|Any CPU.Build.0 = Debug|Any CPU
		{EB23A567-3156-4879-8C7D-5A8C67157006}.Release|Any CPU.ActiveCfg = Release|Any CPU
		{EB23A567-3156-4879-8C7D-5A8C67157006}.Release|Any CPU.Build.0 = Release|Any CPU
		{985257FD-CCED-47CB-83FC-AD14133A85A3}.Debug|Any CPU.ActiveCfg = Debug|Any CPU
		{985257FD-CCED-47CB-83FC-AD14133A85A3}.Debug|Any CPU.Build.0 = Debug|Any CPU
		{985257FD-CCED-47CB-83FC-AD14133A85A3}.Release|Any CPU.ActiveCfg = Release|Any CPU
		{985257FD-CCED-47CB-83FC-AD14133A85A3}.Release|Any CPU.Build.0 = Release|Any CPU
		{E42C5E6B-8C7C-4A45-9584-ECA19ABBFA5A}.Debug|Any CPU.ActiveCfg = Debug|Any CPU
		{E42C5E6B-8C7C-4A45-9584-ECA19ABBFA5A}.Debug|Any CPU.Build.0 = Debug|Any CPU
		{E42C5E6B-8C7C-4A45-9584-ECA19ABBFA5A}.Release|Any CPU.ActiveCfg = Release|Any CPU
		{E42C5E6B-8C7C-4A45-9584-ECA19ABBFA5A}.Release|Any CPU.Build.0 = Release|Any CPU
		{44D6E3AF-24C9-429B-A285-0327C3B35416}.Debug|Any CPU.ActiveCfg = Debug|Any CPU
		{44D6E3AF-24C9-429B-A285-0327C3B35416}.Debug|Any CPU.Build.0 = Debug|Any CPU
		{44D6E3AF-24C9-429B-A285-0327C3B35416}.Release|Any CPU.ActiveCfg = Release|Any CPU
		{44D6E3AF-24C9-429B-A285-0327C3B35416}.Release|Any CPU.Build.0 = Release|Any CPU
		{E06C75C3-E8D7-40F7-BA05-FA722A24A474}.Debug|Any CPU.ActiveCfg = Debug|Any CPU
		{E06C75C3-E8D7-40F7-BA05-FA722A24A474}.Debug|Any CPU.Build.0 = Debug|Any CPU
		{E06C75C3-E8D7-40F7-BA05-FA722A24A474}.Release|Any CPU.ActiveCfg = Release|Any CPU
		{E06C75C3-E8D7-40F7-BA05-FA722A24A474}.Release|Any CPU.Build.0 = Release|Any CPU
		{7E83B7B5-7EBC-4E8B-AC1A-3FE0F4CECD78}.Debug|Any CPU.ActiveCfg = Debug|Any CPU
		{7E83B7B5-7EBC-4E8B-AC1A-3FE0F4CECD78}.Debug|Any CPU.Build.0 = Debug|Any CPU
		{7E83B7B5-7EBC-4E8B-AC1A-3FE0F4CECD78}.Release|Any CPU.ActiveCfg = Release|Any CPU
		{7E83B7B5-7EBC-4E8B-AC1A-3FE0F4CECD78}.Release|Any CPU.Build.0 = Release|Any CPU
		{561DEC4B-AF83-43B3-B11F-78C9CEE73D51}.Debug|Any CPU.ActiveCfg = Debug|Any CPU
		{561DEC4B-AF83-43B3-B11F-78C9CEE73D51}.Debug|Any CPU.Build.0 = Debug|Any CPU
		{561DEC4B-AF83-43B3-B11F-78C9CEE73D51}.Release|Any CPU.ActiveCfg = Release|Any CPU
		{561DEC4B-AF83-43B3-B11F-78C9CEE73D51}.Release|Any CPU.Build.0 = Release|Any CPU
		{7DF4BBDF-D5E5-4343-A88E-49E9489F64DA}.Debug|Any CPU.ActiveCfg = Debug|Any CPU
		{7DF4BBDF-D5E5-4343-A88E-49E9489F64DA}.Debug|Any CPU.Build.0 = Debug|Any CPU
		{7DF4BBDF-D5E5-4343-A88E-49E9489F64DA}.Release|Any CPU.ActiveCfg = Release|Any CPU
		{7DF4BBDF-D5E5-4343-A88E-49E9489F64DA}.Release|Any CPU.Build.0 = Release|Any CPU
		{2E35F23D-2E33-43B5-AA04-D8A9A44497FE}.Debug|Any CPU.ActiveCfg = Debug|Any CPU
		{2E35F23D-2E33-43B5-AA04-D8A9A44497FE}.Debug|Any CPU.Build.0 = Debug|Any CPU
		{2E35F23D-2E33-43B5-AA04-D8A9A44497FE}.Release|Any CPU.ActiveCfg = Release|Any CPU
		{2E35F23D-2E33-43B5-AA04-D8A9A44497FE}.Release|Any CPU.Build.0 = Release|Any CPU
		{2CB0BE45-FE0F-4CD4-A18B-F885859C1489}.Debug|Any CPU.ActiveCfg = Debug|Any CPU
		{2CB0BE45-FE0F-4CD4-A18B-F885859C1489}.Debug|Any CPU.Build.0 = Debug|Any CPU
		{2CB0BE45-FE0F-4CD4-A18B-F885859C1489}.Release|Any CPU.ActiveCfg = Release|Any CPU
		{2CB0BE45-FE0F-4CD4-A18B-F885859C1489}.Release|Any CPU.Build.0 = Release|Any CPU
		{08A763AA-A2B0-4C5B-B63A-3532339E2C7C}.Debug|Any CPU.ActiveCfg = Debug|Any CPU
		{08A763AA-A2B0-4C5B-B63A-3532339E2C7C}.Debug|Any CPU.Build.0 = Debug|Any CPU
		{08A763AA-A2B0-4C5B-B63A-3532339E2C7C}.Release|Any CPU.ActiveCfg = Release|Any CPU
		{08A763AA-A2B0-4C5B-B63A-3532339E2C7C}.Release|Any CPU.Build.0 = Release|Any CPU
		{8D7869CA-2829-450C-B2F6-B3A6A56F1919}.Debug|Any CPU.ActiveCfg = Debug|Any CPU
		{8D7869CA-2829-450C-B2F6-B3A6A56F1919}.Debug|Any CPU.Build.0 = Debug|Any CPU
		{8D7869CA-2829-450C-B2F6-B3A6A56F1919}.Release|Any CPU.ActiveCfg = Release|Any CPU
		{8D7869CA-2829-450C-B2F6-B3A6A56F1919}.Release|Any CPU.Build.0 = Release|Any CPU
		{7A8C8D30-2E8D-48E4-B5B3-93CC5C423310}.Debug|Any CPU.ActiveCfg = Debug|Any CPU
		{7A8C8D30-2E8D-48E4-B5B3-93CC5C423310}.Debug|Any CPU.Build.0 = Debug|Any CPU
		{7A8C8D30-2E8D-48E4-B5B3-93CC5C423310}.Release|Any CPU.ActiveCfg = Release|Any CPU
		{7A8C8D30-2E8D-48E4-B5B3-93CC5C423310}.Release|Any CPU.Build.0 = Release|Any CPU
		{C87CE122-0C91-4667-9245-80F7D724E1CB}.Debug|Any CPU.ActiveCfg = Debug|Any CPU
		{C87CE122-0C91-4667-9245-80F7D724E1CB}.Debug|Any CPU.Build.0 = Debug|Any CPU
		{C87CE122-0C91-4667-9245-80F7D724E1CB}.Release|Any CPU.ActiveCfg = Release|Any CPU
		{C87CE122-0C91-4667-9245-80F7D724E1CB}.Release|Any CPU.Build.0 = Release|Any CPU
		{4F032876-592E-46A2-A20C-909EDDED7EFD}.Debug|Any CPU.ActiveCfg = Debug|Any CPU
		{4F032876-592E-46A2-A20C-909EDDED7EFD}.Debug|Any CPU.Build.0 = Debug|Any CPU
		{4F032876-592E-46A2-A20C-909EDDED7EFD}.Release|Any CPU.ActiveCfg = Release|Any CPU
		{4F032876-592E-46A2-A20C-909EDDED7EFD}.Release|Any CPU.Build.0 = Release|Any CPU
		{9E73D69C-8148-474A-AB8C-04497A389381}.Debug|Any CPU.ActiveCfg = Debug|Any CPU
		{9E73D69C-8148-474A-AB8C-04497A389381}.Debug|Any CPU.Build.0 = Debug|Any CPU
		{9E73D69C-8148-474A-AB8C-04497A389381}.Release|Any CPU.ActiveCfg = Release|Any CPU
		{9E73D69C-8148-474A-AB8C-04497A389381}.Release|Any CPU.Build.0 = Release|Any CPU
	EndGlobalSection
	GlobalSection(SolutionProperties) = preSolution
		HideSolutionNode = FALSE
	EndGlobalSection
	GlobalSection(ExtensibilityGlobals) = postSolution
		SolutionGuid = {0669579D-76BE-4F9E-B909-FFEB04247A3F}
	EndGlobalSection
EndGlobal
