
Microsoft Visual Studio Solution File, Format Version 12.00
# Visual Studio Version 17
VisualStudioVersion = 17.4.33110.190
MinimumVisualStudioVersion = 10.0.40219.1
Project("{FAE04EC0-301F-11D3-BF4B-00C04F79EFBC}") = "Interface_ShapeSolid", "Interface_ShapeSolid.csproj", "{7A1B21CB-A81F-4EB5-BDBC-D029BD201A68}"
EndProject
Global
	GlobalSection(SolutionConfigurationPlatforms) = preSolution
		Debug|Any CPU = Debug|Any CPU
		Release|Any CPU = Release|Any CPU
	EndGlobalSection
	GlobalSection(ProjectConfigurationPlatforms) = postSolution
		{7A1B21CB-A81F-4EB5-BDBC-D029BD201A68}.Debug|Any CPU.ActiveCfg = Debug|Any CPU
		{7A1B21CB-A81F-4EB5-BDBC-D029BD201A68}.Debug|Any CPU.Build.0 = Debug|Any CPU
		{7A1B21CB-A81F-4EB5-BDBC-D029BD201A68}.Release|Any CPU.ActiveCfg = Release|Any CPU
		{7A1B21CB-A81F-4EB5-BDBC-D029BD201A68}.Release|Any CPU.Build.0 = Release|Any CPU
	EndGlobalSection
	GlobalSection(SolutionProperties) = preSolution
		HideSolutionNode = FALSE
	EndGlobalSection
	GlobalSection(ExtensibilityGlobals) = postSolution
		SolutionGuid = {53A2FB7D-32CC-4046-87C9-B984DE8F2711}
	EndGlobalSection
EndGlobal
